{
  "name": "lyouji",
  "version": "1.0.0",
  "lockfileVersion": 1,
  "requires": true,
  "dependencies": {
    "weui-miniprogram": {
      "version": "file:weui-miniprogram",
      "integrity": "sha512-w0dNYwZwt1lmeAsH/5xP/RNxBgXDNfiZ5bsvh2MPamNhwGmj1eRU5l3ojV7Ev0mYjCWxjmNvzcv4mfI0U2R5Tg==",
      "dev": true
    }
  }
}
